
Microsoft Visual Studio Solution File, Format Version 12.00
# Visual Studio Version 16
VisualStudioVersion = 16.0.29503.13
MinimumVisualStudioVersion = 10.0.40219.1
Project("{FAE04EC0-301F-11D3-BF4B-00C04F79EFBC}") = "caMcsdPractice", "caHackerRankTest\caMcsdPractice.csproj", "{B06F5323-491E-4E20-9498-0F4935F63A36}"
EndProject
Project("{FAE04EC0-301F-11D3-BF4B-00C04F79EFBC}") = "mcsdUnitTest", "mcsdUnitTest\mcsdUnitTest.csproj", "{668C8389-991F-4E53-8708-D878737CEEBC}"
EndProject
Project("{9A19103F-16F7-4668-BE54-9A1E7A4F7556}") = "BrainGames", "BrainGames\BrainGames.csproj", "{D9C1F825-D3C9-4A33-9DB4-917F8E32CB08}"
EndProject
Project("{FAE04EC0-301F-11D3-BF4B-00C04F79EFBC}") = "BrainGames.Tests", "BrainGames.Tests\BrainGames.Tests.csproj", "{1F2FF679-C706-41E8-A9D5-384464F8AD48}"
EndProject
Global
	GlobalSection(SolutionConfigurationPlatforms) = preSolution
		Debug|Any CPU = Debug|Any CPU
		Release|Any CPU = Release|Any CPU
	EndGlobalSection
	GlobalSection(ProjectConfigurationPlatforms) = postSolution
		{B06F5323-491E-4E20-9498-0F4935F63A36}.Debug|Any CPU.ActiveCfg = Debug|Any CPU
		{B06F5323-491E-4E20-9498-0F4935F63A36}.Debug|Any CPU.Build.0 = Debug|Any CPU
		{B06F5323-491E-4E20-9498-0F4935F63A36}.Release|Any CPU.ActiveCfg = Release|Any CPU
		{B06F5323-491E-4E20-9498-0F4935F63A36}.Release|Any CPU.Build.0 = Release|Any CPU
		{668C8389-991F-4E53-8708-D878737CEEBC}.Debug|Any CPU.ActiveCfg = Debug|Any CPU
		{668C8389-991F-4E53-8708-D878737CEEBC}.Debug|Any CPU.Build.0 = Debug|Any CPU
		{668C8389-991F-4E53-8708-D878737CEEBC}.Release|Any CPU.ActiveCfg = Release|Any CPU
		{668C8389-991F-4E53-8708-D878737CEEBC}.Release|Any CPU.Build.0 = Release|Any CPU
		{D9C1F825-D3C9-4A33-9DB4-917F8E32CB08}.Debug|Any CPU.ActiveCfg = Debug|Any CPU
		{D9C1F825-D3C9-4A33-9DB4-917F8E32CB08}.Debug|Any CPU.Build.0 = Debug|Any CPU
		{D9C1F825-D3C9-4A33-9DB4-917F8E32CB08}.Release|Any CPU.ActiveCfg = Release|Any CPU
		{D9C1F825-D3C9-4A33-9DB4-917F8E32CB08}.Release|Any CPU.Build.0 = Release|Any CPU
		{1F2FF679-C706-41E8-A9D5-384464F8AD48}.Debug|Any CPU.ActiveCfg = Debug|Any CPU
		{1F2FF679-C706-41E8-A9D5-384464F8AD48}.Debug|Any CPU.Build.0 = Debug|Any CPU
		{1F2FF679-C706-41E8-A9D5-384464F8AD48}.Release|Any CPU.ActiveCfg = Release|Any CPU
		{1F2FF679-C706-41E8-A9D5-384464F8AD48}.Release|Any CPU.Build.0 = Release|Any CPU
	EndGlobalSection
	GlobalSection(SolutionProperties) = preSolution
		HideSolutionNode = FALSE
	EndGlobalSection
	GlobalSection(ExtensibilityGlobals) = postSolution
		SolutionGuid = {125BA4B2-6F42-414A-ACC4-082ACB1252F3}
	EndGlobalSection
EndGlobal
